
Microsoft Visual Studio Solution File, Format Version 12.00
# Visual Studio Version 17
VisualStudioVersion = 17.13.35825.156 d17.13
MinimumVisualStudioVersion = 10.0.40219.1
Project("{FAE04EC0-301F-11D3-BF4B-00C04F79EFBC}") = "SnakeGame", "SnakeGame\SnakeGame.csproj", "{63AFE781-5738-4092-9303-7E1E848A193F}"
EndProject
Global
	GlobalSection(SolutionConfigurationPlatforms) = preSolution
		Debug|Any CPU = Debug|Any CPU
		Release|Any CPU = Release|Any CPU
	EndGlobalSection
	GlobalSection(ProjectConfigurationPlatforms) = postSolution
		{63AFE781-5738-4092-9303-7E1E848A193F}.Debug|Any CPU.ActiveCfg = Debug|Any CPU
		{63AFE781-5738-4092-9303-7E1E848A193F}.Debug|Any CPU.Build.0 = Debug|Any CPU
		{63AFE781-5738-4092-9303-7E1E848A193F}.Release|Any CPU.ActiveCfg = Release|Any CPU
		{63AFE781-5738-4092-9303-7E1E848A193F}.Release|Any CPU.Build.0 = Release|Any CPU
	EndGlobalSection
	GlobalSection(SolutionProperties) = preSolution
		HideSolutionNode = FALSE
	EndGlobalSection
	GlobalSection(ExtensibilityGlobals) = postSolution
		SolutionGuid = {B40BA2E5-3FF7-49BE-A95C-1CB33105DB4D}
	EndGlobalSection
EndGlobal
