
Microsoft Visual Studio Solution File, Format Version 12.00
# Visual Studio Version 17
VisualStudioVersion = 17.11.35222.181
MinimumVisualStudioVersion = 10.0.40219.1
Project("{FAE04EC0-301F-11D3-BF4B-00C04F79EFBC}") = "LikeLion3", "LikeLion3\LikeLion3.csproj", "{F8F790C4-BA36-44E5-8356-2FB39F1A30EB}"
EndProject
Global
	GlobalSection(SolutionConfigurationPlatforms) = preSolution
		Debug|Any CPU = Debug|Any CPU
		Release|Any CPU = Release|Any CPU
	EndGlobalSection
	GlobalSection(ProjectConfigurationPlatforms) = postSolution
		{F8F790C4-BA36-44E5-8356-2FB39F1A30EB}.Debug|Any CPU.ActiveCfg = Debug|Any CPU
		{F8F790C4-BA36-44E5-8356-2FB39F1A30EB}.Debug|Any CPU.Build.0 = Debug|Any CPU
		{F8F790C4-BA36-44E5-8356-2FB39F1A30EB}.Release|Any CPU.ActiveCfg = Release|Any CPU
		{F8F790C4-BA36-44E5-8356-2FB39F1A30EB}.Release|Any CPU.Build.0 = Release|Any CPU
	EndGlobalSection
	GlobalSection(SolutionProperties) = preSolution
		HideSolutionNode = FALSE
	EndGlobalSection
	GlobalSection(ExtensibilityGlobals) = postSolution
		SolutionGuid = {9834C2D2-6E7E-4E00-9702-98875943182E}
	EndGlobalSection
EndGlobal
