
Microsoft Visual Studio Solution File, Format Version 12.00
# Visual Studio Version 17
VisualStudioVersion = 17.11.35222.181
MinimumVisualStudioVersion = 10.0.40219.1
Project("{FAE04EC0-301F-11D3-BF4B-00C04F79EFBC}") = "ConsoleApp2", "ConsoleApp2\ConsoleApp2.csproj", "{EEFE12BD-0910-49D1-B5AD-2162E635E670}"
EndProject
Global
	GlobalSection(SolutionConfigurationPlatforms) = preSolution
		Debug|Any CPU = Debug|Any CPU
		Release|Any CPU = Release|Any CPU
	EndGlobalSection
	GlobalSection(ProjectConfigurationPlatforms) = postSolution
		{EEFE12BD-0910-49D1-B5AD-2162E635E670}.Debug|Any CPU.ActiveCfg = Debug|Any CPU
		{EEFE12BD-0910-49D1-B5AD-2162E635E670}.Debug|Any CPU.Build.0 = Debug|Any CPU
		{EEFE12BD-0910-49D1-B5AD-2162E635E670}.Release|Any CPU.ActiveCfg = Release|Any CPU
		{EEFE12BD-0910-49D1-B5AD-2162E635E670}.Release|Any CPU.Build.0 = Release|Any CPU
	EndGlobalSection
	GlobalSection(SolutionProperties) = preSolution
		HideSolutionNode = FALSE
	EndGlobalSection
	GlobalSection(ExtensibilityGlobals) = postSolution
		SolutionGuid = {6C9956F2-137B-476B-B8DC-7638595EBFC7}
	EndGlobalSection
EndGlobal
