
Microsoft Visual Studio Solution File, Format Version 12.00
# Visual Studio Version 17
VisualStudioVersion = 17.11.35222.181
MinimumVisualStudioVersion = 10.0.40219.1
Project("{FAE04EC0-301F-11D3-BF4B-00C04F79EFBC}") = "TEXTRPG_practice", "TEXTRPG_practice\TEXTRPG_practice.csproj", "{6915AA29-2701-4903-AA56-C77DF5913953}"
EndProject
Global
	GlobalSection(SolutionConfigurationPlatforms) = preSolution
		Debug|Any CPU = Debug|Any CPU
		Release|Any CPU = Release|Any CPU
	EndGlobalSection
	GlobalSection(ProjectConfigurationPlatforms) = postSolution
		{6915AA29-2701-4903-AA56-C77DF5913953}.Debug|Any CPU.ActiveCfg = Debug|Any CPU
		{6915AA29-2701-4903-AA56-C77DF5913953}.Debug|Any CPU.Build.0 = Debug|Any CPU
		{6915AA29-2701-4903-AA56-C77DF5913953}.Release|Any CPU.ActiveCfg = Release|Any CPU
		{6915AA29-2701-4903-AA56-C77DF5913953}.Release|Any CPU.Build.0 = Release|Any CPU
	EndGlobalSection
	GlobalSection(SolutionProperties) = preSolution
		HideSolutionNode = FALSE
	EndGlobalSection
	GlobalSection(ExtensibilityGlobals) = postSolution
		SolutionGuid = {09BB7228-9D73-4B57-AE92-F879367E3491}
	EndGlobalSection
EndGlobal
