
Microsoft Visual Studio Solution File, Format Version 12.00
# Visual Studio Version 17
VisualStudioVersion = 17.11.35222.181
MinimumVisualStudioVersion = 10.0.40219.1
Project("{FAE04EC0-301F-11D3-BF4B-00C04F79EFBC}") = "LikeLion7_quest", "LikeLion7_quest\LikeLion7_quest.csproj", "{19CFEE54-3985-4442-99F9-3C45A383845F}"
EndProject
Global
	GlobalSection(SolutionConfigurationPlatforms) = preSolution
		Debug|Any CPU = Debug|Any CPU
		Release|Any CPU = Release|Any CPU
	EndGlobalSection
	GlobalSection(ProjectConfigurationPlatforms) = postSolution
		{19CFEE54-3985-4442-99F9-3C45A383845F}.Debug|Any CPU.ActiveCfg = Debug|Any CPU
		{19CFEE54-3985-4442-99F9-3C45A383845F}.Debug|Any CPU.Build.0 = Debug|Any CPU
		{19CFEE54-3985-4442-99F9-3C45A383845F}.Release|Any CPU.ActiveCfg = Release|Any CPU
		{19CFEE54-3985-4442-99F9-3C45A383845F}.Release|Any CPU.Build.0 = Release|Any CPU
	EndGlobalSection
	GlobalSection(SolutionProperties) = preSolution
		HideSolutionNode = FALSE
	EndGlobalSection
	GlobalSection(ExtensibilityGlobals) = postSolution
		SolutionGuid = {62DE0111-4BE9-44EB-ACED-F5D7D99E29C1}
	EndGlobalSection
EndGlobal
