
Microsoft Visual Studio Solution File, Format Version 12.00
# Visual Studio Version 17
VisualStudioVersion = 17.11.35222.181
MinimumVisualStudioVersion = 10.0.40219.1
Project("{FAE04EC0-301F-11D3-BF4B-00C04F79EFBC}") = "2048", "2048\2048.csproj", "{DB69B947-059E-4CA2-9555-F09A3562661D}"
EndProject
Global
	GlobalSection(SolutionConfigurationPlatforms) = preSolution
		Debug|Any CPU = Debug|Any CPU
		Release|Any CPU = Release|Any CPU
	EndGlobalSection
	GlobalSection(ProjectConfigurationPlatforms) = postSolution
		{DB69B947-059E-4CA2-9555-F09A3562661D}.Debug|Any CPU.ActiveCfg = Debug|Any CPU
		{DB69B947-059E-4CA2-9555-F09A3562661D}.Debug|Any CPU.Build.0 = Debug|Any CPU
		{DB69B947-059E-4CA2-9555-F09A3562661D}.Release|Any CPU.ActiveCfg = Release|Any CPU
		{DB69B947-059E-4CA2-9555-F09A3562661D}.Release|Any CPU.Build.0 = Release|Any CPU
	EndGlobalSection
	GlobalSection(SolutionProperties) = preSolution
		HideSolutionNode = FALSE
	EndGlobalSection
	GlobalSection(ExtensibilityGlobals) = postSolution
		SolutionGuid = {00871DD5-4EAD-4B43-8433-FB8FD5E52B2A}
	EndGlobalSection
EndGlobal
