
Microsoft Visual Studio Solution File, Format Version 12.00
# Visual Studio Version 17
VisualStudioVersion = 17.11.35222.181
MinimumVisualStudioVersion = 10.0.40219.1
Project("{FAE04EC0-301F-11D3-BF4B-00C04F79EFBC}") = "LikeLion9_2", "LikeLion9_2\LikeLion9_2.csproj", "{3D158FC9-2DBF-4345-81E5-9F0E8588D97C}"
EndProject
Global
	GlobalSection(SolutionConfigurationPlatforms) = preSolution
		Debug|Any CPU = Debug|Any CPU
		Release|Any CPU = Release|Any CPU
	EndGlobalSection
	GlobalSection(ProjectConfigurationPlatforms) = postSolution
		{3D158FC9-2DBF-4345-81E5-9F0E8588D97C}.Debug|Any CPU.ActiveCfg = Debug|Any CPU
		{3D158FC9-2DBF-4345-81E5-9F0E8588D97C}.Debug|Any CPU.Build.0 = Debug|Any CPU
		{3D158FC9-2DBF-4345-81E5-9F0E8588D97C}.Release|Any CPU.ActiveCfg = Release|Any CPU
		{3D158FC9-2DBF-4345-81E5-9F0E8588D97C}.Release|Any CPU.Build.0 = Release|Any CPU
	EndGlobalSection
	GlobalSection(SolutionProperties) = preSolution
		HideSolutionNode = FALSE
	EndGlobalSection
	GlobalSection(ExtensibilityGlobals) = postSolution
		SolutionGuid = {64B19B6E-FFA0-4255-A71B-14BAA03E6A7E}
	EndGlobalSection
EndGlobal
