
Microsoft Visual Studio Solution File, Format Version 12.00
# Visual Studio Version 17
VisualStudioVersion = 17.11.35222.181
MinimumVisualStudioVersion = 10.0.40219.1
Project("{FAE04EC0-301F-11D3-BF4B-00C04F79EFBC}") = "LikeLion9_3", "LikeLion9_3\LikeLion9_3.csproj", "{6ABDF9B1-F939-4BAD-9E84-055CEDFE2E85}"
EndProject
Global
	GlobalSection(SolutionConfigurationPlatforms) = preSolution
		Debug|Any CPU = Debug|Any CPU
		Release|Any CPU = Release|Any CPU
	EndGlobalSection
	GlobalSection(ProjectConfigurationPlatforms) = postSolution
		{6ABDF9B1-F939-4BAD-9E84-055CEDFE2E85}.Debug|Any CPU.ActiveCfg = Debug|Any CPU
		{6ABDF9B1-F939-4BAD-9E84-055CEDFE2E85}.Debug|Any CPU.Build.0 = Debug|Any CPU
		{6ABDF9B1-F939-4BAD-9E84-055CEDFE2E85}.Release|Any CPU.ActiveCfg = Release|Any CPU
		{6ABDF9B1-F939-4BAD-9E84-055CEDFE2E85}.Release|Any CPU.Build.0 = Release|Any CPU
	EndGlobalSection
	GlobalSection(SolutionProperties) = preSolution
		HideSolutionNode = FALSE
	EndGlobalSection
	GlobalSection(ExtensibilityGlobals) = postSolution
		SolutionGuid = {CE5BDC47-725D-41BF-8D33-80B1186A20D6}
	EndGlobalSection
EndGlobal
