
Microsoft Visual Studio Solution File, Format Version 12.00
# Visual Studio Version 17
VisualStudioVersion = 17.11.35222.181
MinimumVisualStudioVersion = 10.0.40219.1
Project("{FAE04EC0-301F-11D3-BF4B-00C04F79EFBC}") = "TEXTRPG", "TEXTRPG\TEXTRPG.csproj", "{074B88C3-6EB5-4888-8B24-089C7019005D}"
EndProject
Global
	GlobalSection(SolutionConfigurationPlatforms) = preSolution
		Debug|Any CPU = Debug|Any CPU
		Release|Any CPU = Release|Any CPU
	EndGlobalSection
	GlobalSection(ProjectConfigurationPlatforms) = postSolution
		{074B88C3-6EB5-4888-8B24-089C7019005D}.Debug|Any CPU.ActiveCfg = Debug|Any CPU
		{074B88C3-6EB5-4888-8B24-089C7019005D}.Debug|Any CPU.Build.0 = Debug|Any CPU
		{074B88C3-6EB5-4888-8B24-089C7019005D}.Release|Any CPU.ActiveCfg = Release|Any CPU
		{074B88C3-6EB5-4888-8B24-089C7019005D}.Release|Any CPU.Build.0 = Release|Any CPU
	EndGlobalSection
	GlobalSection(SolutionProperties) = preSolution
		HideSolutionNode = FALSE
	EndGlobalSection
	GlobalSection(ExtensibilityGlobals) = postSolution
		SolutionGuid = {3B79995E-3F57-4D35-B552-FD7AB6C1DBF5}
	EndGlobalSection
EndGlobal
