
Microsoft Visual Studio Solution File, Format Version 12.00
# Visual Studio Version 17
VisualStudioVersion = 17.11.35222.181
MinimumVisualStudioVersion = 10.0.40219.1
Project("{FAE04EC0-301F-11D3-BF4B-00C04F79EFBC}") = "LikeLion2", "LikeLion2\LikeLion2.csproj", "{1796D51D-3955-42F5-8D44-A9545AECCF85}"
EndProject
Global
	GlobalSection(SolutionConfigurationPlatforms) = preSolution
		Debug|Any CPU = Debug|Any CPU
		Release|Any CPU = Release|Any CPU
	EndGlobalSection
	GlobalSection(ProjectConfigurationPlatforms) = postSolution
		{1796D51D-3955-42F5-8D44-A9545AECCF85}.Debug|Any CPU.ActiveCfg = Debug|Any CPU
		{1796D51D-3955-42F5-8D44-A9545AECCF85}.Debug|Any CPU.Build.0 = Debug|Any CPU
		{1796D51D-3955-42F5-8D44-A9545AECCF85}.Release|Any CPU.ActiveCfg = Release|Any CPU
		{1796D51D-3955-42F5-8D44-A9545AECCF85}.Release|Any CPU.Build.0 = Release|Any CPU
	EndGlobalSection
	GlobalSection(SolutionProperties) = preSolution
		HideSolutionNode = FALSE
	EndGlobalSection
	GlobalSection(ExtensibilityGlobals) = postSolution
		SolutionGuid = {DD7AA20D-A010-4FD8-91F6-35D29A115BB5}
	EndGlobalSection
EndGlobal
