
Microsoft Visual Studio Solution File, Format Version 12.00
# Visual Studio Version 17
VisualStudioVersion = 17.11.35222.181
MinimumVisualStudioVersion = 10.0.40219.1
Project("{FAE04EC0-301F-11D3-BF4B-00C04F79EFBC}") = "LikeLion5", "LikeLion5\LikeLion5.csproj", "{547292CF-FB9C-40DE-97CA-2A250021FF83}"
EndProject
Global
	GlobalSection(SolutionConfigurationPlatforms) = preSolution
		Debug|Any CPU = Debug|Any CPU
		Release|Any CPU = Release|Any CPU
	EndGlobalSection
	GlobalSection(ProjectConfigurationPlatforms) = postSolution
		{547292CF-FB9C-40DE-97CA-2A250021FF83}.Debug|Any CPU.ActiveCfg = Debug|Any CPU
		{547292CF-FB9C-40DE-97CA-2A250021FF83}.Debug|Any CPU.Build.0 = Debug|Any CPU
		{547292CF-FB9C-40DE-97CA-2A250021FF83}.Release|Any CPU.ActiveCfg = Release|Any CPU
		{547292CF-FB9C-40DE-97CA-2A250021FF83}.Release|Any CPU.Build.0 = Release|Any CPU
	EndGlobalSection
	GlobalSection(SolutionProperties) = preSolution
		HideSolutionNode = FALSE
	EndGlobalSection
	GlobalSection(ExtensibilityGlobals) = postSolution
		SolutionGuid = {DA69E9B2-0D99-4367-959E-B2EB1AE56739}
	EndGlobalSection
EndGlobal
